# This file is automatically @generated by Cargo.
# It is not intended for manual editing.
version = 4

[[package]]
name = "cli"
version = "0.1.0"

[[package]]
name = "daemon"
version = "0.1.0"

[[package]]
name = "ls-adapters"
version = "0.1.0"

[[package]]
name = "ls-registry"
version = "0.1.0"

[[package]]
name = "ls-runtime"
version = "0.1.0"

[[package]]
name = "lsp-core"
version = "0.1.0"

[[package]]
name = "supervisor"
version = "0.1.0"
